{
    "_readme": [
        "This file locks the dependencies of your project to a known state",
        "Read more about it at https://getcomposer.org/doc/01-basic-usage.md#installing-dependencies",
        "This file is @generated automatically"
    ],
    "content-hash": "3748d23e9db95be85a85d101849427b2",
    "packages": [
        {
            "name": "ssddanbrown/htmldiff",
            "version": "v1.0.2",
            "source": {
                "type": "git",
                "url": "https://github.com/ssddanbrown/HtmlDiff.git",
                "reference": "58f81857c02b50b199273edb4cc339876b5a4038"
            },
            "dist": {
                "type": "zip",
                "url": "https://api.github.com/repos/ssddanbrown/HtmlDiff/zipball/58f81857c02b50b199273edb4cc339876b5a4038",
                "reference": "58f81857c02b50b199273edb4cc339876b5a4038",
                "shasum": ""
            },
            "require": {
                "ext-mbstring": "*",
                "php": ">=7.2"
            },
            "require-dev": {
                "phpunit/phpunit": "^8.5|^9.5.9",
                "vimeo/psalm": "^4.10"
            },
            "type": "library",
            "autoload": {
                "psr-4": {
                    "Ssddanbrown\\HtmlDiff\\": "src"
                }
            },
            "notification-url": "https://packagist.org/downloads/",
            "license": [
                "MIT"
            ],
            "authors": [
                {
                    "name": "Dan Brown",
                    "email": "ssddanbrown@googlemail.com",
                    "role": "Developer"
                }
            ],
            "description": "HTML Content Diff Generator",
            "homepage": "https://github.com/ssddanbrown/htmldiff",
            "funding": [
                {
                    "url": "https://github.com/ssddanbrown",
                    "type": "github"
                }
            ],
            "time": "2022-01-24T20:12:20+00:00"
        }
    ],
    "packages-dev": [],
    "aliases": [],
    "minimum-stability": "stable",
    "stability-flags": [],
    "prefer-stable": false,
    "prefer-lowest": false,
    "platform": [],
    "platform-dev": [],
    "plugin-api-version": "1.1.0"
}
